
Microsoft Visual Studio Solution File, Format Version 12.00
# Visual Studio Version 16
VisualStudioVersion = 16.0.29324.140
MinimumVisualStudioVersion = 10.0.40219.1
Project("{9A19103F-16F7-4668-BE54-9A1E7A4F7556}") = "PruebasUnitarasEIntegracion", "PruebasUnitarasEIntegracion\PruebasUnitarasEIntegracion.csproj", "{808DAC94-0C7D-4655-A4E0-7BF93F8FA218}"
EndProject
Project("{9A19103F-16F7-4668-BE54-9A1E7A4F7556}") = "Entidades", "Entidades\Entidades.csproj", "{BE5A6E11-17A4-4755-AECE-88EDEF06BDFD}"
EndProject
Project("{9A19103F-16F7-4668-BE54-9A1E7A4F7556}") = "Logica", "Logica\Logica.csproj", "{0BA34D0F-46D6-4C97-9014-83D1E92003D8}"
EndProject
Project("{FAE04EC0-301F-11D3-BF4B-00C04F79EFBC}") = "Api", "Api\Api.csproj", "{5BACB64F-26A5-44DE-A339-7C326D6B0A1D}"
EndProject
Global
	GlobalSection(SolutionConfigurationPlatforms) = preSolution
		Debug|Any CPU = Debug|Any CPU
		Release|Any CPU = Release|Any CPU
	EndGlobalSection
	GlobalSection(ProjectConfigurationPlatforms) = postSolution
		{808DAC94-0C7D-4655-A4E0-7BF93F8FA218}.Debug|Any CPU.ActiveCfg = Debug|Any CPU
		{808DAC94-0C7D-4655-A4E0-7BF93F8FA218}.Debug|Any CPU.Build.0 = Debug|Any CPU
		{808DAC94-0C7D-4655-A4E0-7BF93F8FA218}.Release|Any CPU.ActiveCfg = Release|Any CPU
		{808DAC94-0C7D-4655-A4E0-7BF93F8FA218}.Release|Any CPU.Build.0 = Release|Any CPU
		{BE5A6E11-17A4-4755-AECE-88EDEF06BDFD}.Debug|Any CPU.ActiveCfg = Debug|Any CPU
		{BE5A6E11-17A4-4755-AECE-88EDEF06BDFD}.Debug|Any CPU.Build.0 = Debug|Any CPU
		{BE5A6E11-17A4-4755-AECE-88EDEF06BDFD}.Release|Any CPU.ActiveCfg = Release|Any CPU
		{BE5A6E11-17A4-4755-AECE-88EDEF06BDFD}.Release|Any CPU.Build.0 = Release|Any CPU
		{0BA34D0F-46D6-4C97-9014-83D1E92003D8}.Debug|Any CPU.ActiveCfg = Debug|Any CPU
		{0BA34D0F-46D6-4C97-9014-83D1E92003D8}.Debug|Any CPU.Build.0 = Debug|Any CPU
		{0BA34D0F-46D6-4C97-9014-83D1E92003D8}.Release|Any CPU.ActiveCfg = Release|Any CPU
		{0BA34D0F-46D6-4C97-9014-83D1E92003D8}.Release|Any CPU.Build.0 = Release|Any CPU
		{5BACB64F-26A5-44DE-A339-7C326D6B0A1D}.Debug|Any CPU.ActiveCfg = Debug|Any CPU
		{5BACB64F-26A5-44DE-A339-7C326D6B0A1D}.Debug|Any CPU.Build.0 = Debug|Any CPU
		{5BACB64F-26A5-44DE-A339-7C326D6B0A1D}.Release|Any CPU.ActiveCfg = Release|Any CPU
		{5BACB64F-26A5-44DE-A339-7C326D6B0A1D}.Release|Any CPU.Build.0 = Release|Any CPU
	EndGlobalSection
	GlobalSection(SolutionProperties) = preSolution
		HideSolutionNode = FALSE
	EndGlobalSection
	GlobalSection(ExtensibilityGlobals) = postSolution
		SolutionGuid = {ECDDB0C0-37D6-4739-8B27-74676F054968}
	EndGlobalSection
EndGlobal
